--- 
dependencies: 
  bson_ext: 
    group: 
    - :default
    version: ~> 1.0.1
  mongo: 
    group: 
    - :default
    version: ~> 1.0.1
  rspec: 
    group: 
    - :default
    version: = 2.0.0.beta.8
  activemodel: 
    group: 
    - :default
    version: ~> 3.0.0.beta
  bson: 
    group: 
    - :default
    version: ~> 1.0.1
  mocha: 
    group: 
    - :default
    version: = 0.9.8
  will_paginate: 
    group: 
    - :default
    version: ~> 3.0.pre
specs: 
- rake: 
    version: 0.8.7
- activesupport: 
    version: 3.0.0.beta4
- builder: 
    version: 2.1.2
- i18n: 
    version: 0.4.1
- activemodel: 
    version: 3.0.0.beta4
- bson: 
    version: 1.0.1
- bson_ext: 
    version: 1.0.1
- mocha: 
    version: 0.9.8
- mongo: 
    version: 1.0.1
- rspec-core: 
    version: 2.0.0.beta.8
- rspec-expectations: 
    version: 2.0.0.beta.8
- rspec-mocks: 
    version: 2.0.0.beta.8
- rspec: 
    version: 2.0.0.beta.8
- will_paginate: 
    version: 3.0.pre
hash: f9e48c932846243028cb57d15e6de33a1343ff6f
sources: 
- Rubygems: 
    uri: http://gemcutter.org
